
Microsoft Visual Studio Solution File, Format Version 12.00
# Visual Studio 15
VisualStudioVersion = 15.0.26124.0
MinimumVisualStudioVersion = 15.0.26124.0
Project("{2150E333-8FDC-42A3-9474-1A3956D46DE8}") = "src", "src", "{94A7644D-0723-47AF-9DCF-3041C562516F}"
EndProject
Project("{FAE04EC0-301F-11D3-BF4B-00C04F79EFBC}") = "CambriaBamDevOpsTalkApi", "src\CambriaBamDevOpsTalkApi\CambriaBamDevOpsTalkApi.csproj", "{B0DC933C-60EF-424F-BEA7-A9829C8F065C}"
EndProject
Project("{2150E333-8FDC-42A3-9474-1A3956D46DE8}") = "lambda-src", "lambda-src", "{B6D073FB-EA72-4F0A-B66D-BF9EC26D6235}"
EndProject
Project("{FAE04EC0-301F-11D3-BF4B-00C04F79EFBC}") = "Cambria.BAM.DevOpsTalk.Api.Lambda", "lambda-src\Cambria.BAM.DevOpsTalk.Api.Lambda\Cambria.BAM.DevOpsTalk.Api.Lambda.csproj", "{E725F1ED-D71C-4F9F-BE62-D05345ACE903}"
EndProject
Project("{FAE04EC0-301F-11D3-BF4B-00C04F79EFBC}") = "Cambria.BAM.DevOpsTalk.Api.Lambda.Tests", "lambda-src\Cambria.BAM.DevOpsTalk.Api.Lambda.Tests\Cambria.BAM.DevOpsTalk.Api.Lambda.Tests.csproj", "{6D718DA8-B9A6-41D0-A0A0-2AC9AFE5264D}"
EndProject
Global
	GlobalSection(SolutionConfigurationPlatforms) = preSolution
		Debug|Any CPU = Debug|Any CPU
		Debug|x64 = Debug|x64
		Debug|x86 = Debug|x86
		Release|Any CPU = Release|Any CPU
		Release|x64 = Release|x64
		Release|x86 = Release|x86
	EndGlobalSection
	GlobalSection(SolutionProperties) = preSolution
		HideSolutionNode = FALSE
	EndGlobalSection
	GlobalSection(ProjectConfigurationPlatforms) = postSolution
		{B0DC933C-60EF-424F-BEA7-A9829C8F065C}.Debug|Any CPU.ActiveCfg = Debug|Any CPU
		{B0DC933C-60EF-424F-BEA7-A9829C8F065C}.Debug|Any CPU.Build.0 = Debug|Any CPU
		{B0DC933C-60EF-424F-BEA7-A9829C8F065C}.Debug|x64.ActiveCfg = Debug|Any CPU
		{B0DC933C-60EF-424F-BEA7-A9829C8F065C}.Debug|x64.Build.0 = Debug|Any CPU
		{B0DC933C-60EF-424F-BEA7-A9829C8F065C}.Debug|x86.ActiveCfg = Debug|Any CPU
		{B0DC933C-60EF-424F-BEA7-A9829C8F065C}.Debug|x86.Build.0 = Debug|Any CPU
		{B0DC933C-60EF-424F-BEA7-A9829C8F065C}.Release|Any CPU.ActiveCfg = Release|Any CPU
		{B0DC933C-60EF-424F-BEA7-A9829C8F065C}.Release|Any CPU.Build.0 = Release|Any CPU
		{B0DC933C-60EF-424F-BEA7-A9829C8F065C}.Release|x64.ActiveCfg = Release|Any CPU
		{B0DC933C-60EF-424F-BEA7-A9829C8F065C}.Release|x64.Build.0 = Release|Any CPU
		{B0DC933C-60EF-424F-BEA7-A9829C8F065C}.Release|x86.ActiveCfg = Release|Any CPU
		{B0DC933C-60EF-424F-BEA7-A9829C8F065C}.Release|x86.Build.0 = Release|Any CPU
		{E725F1ED-D71C-4F9F-BE62-D05345ACE903}.Debug|Any CPU.ActiveCfg = Debug|Any CPU
		{E725F1ED-D71C-4F9F-BE62-D05345ACE903}.Debug|Any CPU.Build.0 = Debug|Any CPU
		{E725F1ED-D71C-4F9F-BE62-D05345ACE903}.Debug|x64.ActiveCfg = Debug|Any CPU
		{E725F1ED-D71C-4F9F-BE62-D05345ACE903}.Debug|x64.Build.0 = Debug|Any CPU
		{E725F1ED-D71C-4F9F-BE62-D05345ACE903}.Debug|x86.ActiveCfg = Debug|Any CPU
		{E725F1ED-D71C-4F9F-BE62-D05345ACE903}.Debug|x86.Build.0 = Debug|Any CPU
		{E725F1ED-D71C-4F9F-BE62-D05345ACE903}.Release|Any CPU.ActiveCfg = Release|Any CPU
		{E725F1ED-D71C-4F9F-BE62-D05345ACE903}.Release|Any CPU.Build.0 = Release|Any CPU
		{E725F1ED-D71C-4F9F-BE62-D05345ACE903}.Release|x64.ActiveCfg = Release|Any CPU
		{E725F1ED-D71C-4F9F-BE62-D05345ACE903}.Release|x64.Build.0 = Release|Any CPU
		{E725F1ED-D71C-4F9F-BE62-D05345ACE903}.Release|x86.ActiveCfg = Release|Any CPU
		{E725F1ED-D71C-4F9F-BE62-D05345ACE903}.Release|x86.Build.0 = Release|Any CPU
		{6D718DA8-B9A6-41D0-A0A0-2AC9AFE5264D}.Debug|Any CPU.ActiveCfg = Debug|Any CPU
		{6D718DA8-B9A6-41D0-A0A0-2AC9AFE5264D}.Debug|Any CPU.Build.0 = Debug|Any CPU
		{6D718DA8-B9A6-41D0-A0A0-2AC9AFE5264D}.Debug|x64.ActiveCfg = Debug|Any CPU
		{6D718DA8-B9A6-41D0-A0A0-2AC9AFE5264D}.Debug|x64.Build.0 = Debug|Any CPU
		{6D718DA8-B9A6-41D0-A0A0-2AC9AFE5264D}.Debug|x86.ActiveCfg = Debug|Any CPU
		{6D718DA8-B9A6-41D0-A0A0-2AC9AFE5264D}.Debug|x86.Build.0 = Debug|Any CPU
		{6D718DA8-B9A6-41D0-A0A0-2AC9AFE5264D}.Release|Any CPU.ActiveCfg = Release|Any CPU
		{6D718DA8-B9A6-41D0-A0A0-2AC9AFE5264D}.Release|Any CPU.Build.0 = Release|Any CPU
		{6D718DA8-B9A6-41D0-A0A0-2AC9AFE5264D}.Release|x64.ActiveCfg = Release|Any CPU
		{6D718DA8-B9A6-41D0-A0A0-2AC9AFE5264D}.Release|x64.Build.0 = Release|Any CPU
		{6D718DA8-B9A6-41D0-A0A0-2AC9AFE5264D}.Release|x86.ActiveCfg = Release|Any CPU
		{6D718DA8-B9A6-41D0-A0A0-2AC9AFE5264D}.Release|x86.Build.0 = Release|Any CPU
	EndGlobalSection
	GlobalSection(NestedProjects) = preSolution
		{B0DC933C-60EF-424F-BEA7-A9829C8F065C} = {94A7644D-0723-47AF-9DCF-3041C562516F}
		{E725F1ED-D71C-4F9F-BE62-D05345ACE903} = {B6D073FB-EA72-4F0A-B66D-BF9EC26D6235}
		{6D718DA8-B9A6-41D0-A0A0-2AC9AFE5264D} = {B6D073FB-EA72-4F0A-B66D-BF9EC26D6235}
	EndGlobalSection
EndGlobal
